
Microsoft Visual Studio Solution File, Format Version 12.00
# Visual Studio Version 17
VisualStudioVersion = 17.3.32825.248
MinimumVisualStudioVersion = 10.0.40219.1
Project("{FAE04EC0-301F-11D3-BF4B-00C04F79EFBC}") = "AIPS", "AIPS.csproj", "{577E9D5F-167B-42B5-AF79-F97F65264C24}"
EndProject
Global
	GlobalSection(SolutionConfigurationPlatforms) = preSolution
		Debug|Any CPU = Debug|Any CPU
		Release|Any CPU = Release|Any CPU
	EndGlobalSection
	GlobalSection(ProjectConfigurationPlatforms) = postSolution
		{577E9D5F-167B-42B5-AF79-F97F65264C24}.Debug|Any CPU.ActiveCfg = Debug|Any CPU
		{577E9D5F-167B-42B5-AF79-F97F65264C24}.Debug|Any CPU.Build.0 = Debug|Any CPU
		{577E9D5F-167B-42B5-AF79-F97F65264C24}.Release|Any CPU.ActiveCfg = Release|Any CPU
		{577E9D5F-167B-42B5-AF79-F97F65264C24}.Release|Any CPU.Build.0 = Release|Any CPU
	EndGlobalSection
	GlobalSection(SolutionProperties) = preSolution
		HideSolutionNode = FALSE
	EndGlobalSection
	GlobalSection(ExtensibilityGlobals) = postSolution
		SolutionGuid = {6102C43D-2094-4A06-89A8-DCFE47013303}
	EndGlobalSection
EndGlobal
